
Microsoft Visual Studio Solution File, Format Version 12.00
# Visual Studio Version 17
VisualStudioVersion = 17.8.34601.278
MinimumVisualStudioVersion = 10.0.40219.1
Project("{9A19103F-16F7-4668-BE54-9A1E7A4F7556}") = "BlazorWebApp8", "BlazorWebApp8\BlazorWebApp8\BlazorWebApp8.csproj", "{C0C29FC8-091D-4A07-B89D-3995AE63A146}"
EndProject
Global
	GlobalSection(SolutionConfigurationPlatforms) = preSolution
		Debug|Any CPU = Debug|Any CPU
		Release|Any CPU = Release|Any CPU
	EndGlobalSection
	GlobalSection(ProjectConfigurationPlatforms) = postSolution
		{C0C29FC8-091D-4A07-B89D-3995AE63A146}.Debug|Any CPU.ActiveCfg = Debug|Any CPU
		{C0C29FC8-091D-4A07-B89D-3995AE63A146}.Debug|Any CPU.Build.0 = Debug|Any CPU
		{C0C29FC8-091D-4A07-B89D-3995AE63A146}.Release|Any CPU.ActiveCfg = Release|Any CPU
		{C0C29FC8-091D-4A07-B89D-3995AE63A146}.Release|Any CPU.Build.0 = Release|Any CPU
	EndGlobalSection
	GlobalSection(SolutionProperties) = preSolution
		HideSolutionNode = FALSE
	EndGlobalSection
	GlobalSection(ExtensibilityGlobals) = postSolution
		SolutionGuid = {264F42F9-7F43-4BB5-82FC-4AB75250CDA0}
	EndGlobalSection
EndGlobal
